
Microsoft Visual Studio Solution File, Format Version 12.00
# Visual Studio Version 17
VisualStudioVersion = 17.9.34622.214
MinimumVisualStudioVersion = 10.0.40219.1
Project("{FAE04EC0-301F-11D3-BF4B-00C04F79EFBC}") = "Test 01", "Test 01.csproj", "{EA13C095-5DA5-407D-A2BE-5FC6A7BB0CF2}"
EndProject
Global
	GlobalSection(SolutionConfigurationPlatforms) = preSolution
		Debug|Any CPU = Debug|Any CPU
		Release|Any CPU = Release|Any CPU
	EndGlobalSection
	GlobalSection(ProjectConfigurationPlatforms) = postSolution
		{EA13C095-5DA5-407D-A2BE-5FC6A7BB0CF2}.Debug|Any CPU.ActiveCfg = Debug|Any CPU
		{EA13C095-5DA5-407D-A2BE-5FC6A7BB0CF2}.Debug|Any CPU.Build.0 = Debug|Any CPU
		{EA13C095-5DA5-407D-A2BE-5FC6A7BB0CF2}.Release|Any CPU.ActiveCfg = Release|Any CPU
		{EA13C095-5DA5-407D-A2BE-5FC6A7BB0CF2}.Release|Any CPU.Build.0 = Release|Any CPU
	EndGlobalSection
	GlobalSection(SolutionProperties) = preSolution
		HideSolutionNode = FALSE
	EndGlobalSection
	GlobalSection(ExtensibilityGlobals) = postSolution
		SolutionGuid = {D58BA965-C4AD-43EC-8845-03F8D83CF6D4}
	EndGlobalSection
EndGlobal
